
Microsoft Visual Studio Solution File, Format Version 12.00
# Visual Studio Version 17
VisualStudioVersion = 17.11.35312.102
MinimumVisualStudioVersion = 10.0.40219.1
Project("{FAE04EC0-301F-11D3-BF4B-00C04F79EFBC}") = "BeautyStudioSystem", "BeautyStudioSystem\BeautyStudioSystem.csproj", "{DE103089-4F6F-4731-9106-B93C0CB7C5A3}"
EndProject
Global
	GlobalSection(SolutionConfigurationPlatforms) = preSolution
		Debug|Any CPU = Debug|Any CPU
		Release|Any CPU = Release|Any CPU
	EndGlobalSection
	GlobalSection(ProjectConfigurationPlatforms) = postSolution
		{DE103089-4F6F-4731-9106-B93C0CB7C5A3}.Debug|Any CPU.ActiveCfg = Debug|Any CPU
		{DE103089-4F6F-4731-9106-B93C0CB7C5A3}.Debug|Any CPU.Build.0 = Debug|Any CPU
		{DE103089-4F6F-4731-9106-B93C0CB7C5A3}.Release|Any CPU.ActiveCfg = Release|Any CPU
		{DE103089-4F6F-4731-9106-B93C0CB7C5A3}.Release|Any CPU.Build.0 = Release|Any CPU
	EndGlobalSection
	GlobalSection(SolutionProperties) = preSolution
		HideSolutionNode = FALSE
	EndGlobalSection
	GlobalSection(ExtensibilityGlobals) = postSolution
		SolutionGuid = {3C851AB9-5B3A-4FCE-B417-45F31B1D49CD}
	EndGlobalSection
EndGlobal
